
Microsoft Visual Studio Solution File, Format Version 12.00
# Visual Studio 15
VisualStudioVersion = 15.0.27130.2027
MinimumVisualStudioVersion = 10.0.40219.1
Project("{8BC9CEB8-8B4A-11D0-8D11-00A0C91BC942}") = "HelloWorld", "HelloWorld\HelloWorld.vcxproj", "{FCD554F9-A840-43DA-A12D-AD9C2CF480C8}"
EndProject
Global
	GlobalSection(SolutionConfigurationPlatforms) = preSolution
		Debug|x64 = Debug|x64
		Debug|x86 = Debug|x86
		Release|x64 = Release|x64
		Release|x86 = Release|x86
	EndGlobalSection
	GlobalSection(ProjectConfigurationPlatforms) = postSolution
		{FCD554F9-A840-43DA-A12D-AD9C2CF480C8}.Debug|x64.ActiveCfg = Debug|x64
		{FCD554F9-A840-43DA-A12D-AD9C2CF480C8}.Debug|x64.Build.0 = Debug|x64
		{FCD554F9-A840-43DA-A12D-AD9C2CF480C8}.Debug|x86.ActiveCfg = Debug|Win32
		{FCD554F9-A840-43DA-A12D-AD9C2CF480C8}.Debug|x86.Build.0 = Debug|Win32
		{FCD554F9-A840-43DA-A12D-AD9C2CF480C8}.Release|x64.ActiveCfg = Release|x64
		{FCD554F9-A840-43DA-A12D-AD9C2CF480C8}.Release|x64.Build.0 = Release|x64
		{FCD554F9-A840-43DA-A12D-AD9C2CF480C8}.Release|x86.ActiveCfg = Release|Win32
		{FCD554F9-A840-43DA-A12D-AD9C2CF480C8}.Release|x86.Build.0 = Release|Win32
	EndGlobalSection
	GlobalSection(SolutionProperties) = preSolution
		HideSolutionNode = FALSE
	EndGlobalSection
	GlobalSection(ExtensibilityGlobals) = postSolution
		SolutionGuid = {45C61DC4-2012-4EC3-B5B0-763176123C8A}
	EndGlobalSection
EndGlobal
