
Microsoft Visual Studio Solution File, Format Version 12.00
# Visual Studio 15
VisualStudioVersion = 15.0.28010.2026
MinimumVisualStudioVersion = 10.0.40219.1
Project("{8BC9CEB8-8B4A-11D0-8D11-00A0C91BC942}") = "LogSystem", "LogSystem\LogSystem.vcxproj", "{901CC6E7-47A0-430F-AD83-3733D8940C70}"
EndProject
Project("{8BC9CEB8-8B4A-11D0-8D11-00A0C91BC942}") = "StaticTest", "StaticTest\StaticTest.vcxproj", "{B996F12B-131C-4BA0-91D5-48014B9A3614}"
EndProject
Global
	GlobalSection(SolutionConfigurationPlatforms) = preSolution
		Debug|x64 = Debug|x64
		Debug|x86 = Debug|x86
		Release|x64 = Release|x64
		Release|x86 = Release|x86
	EndGlobalSection
	GlobalSection(ProjectConfigurationPlatforms) = postSolution
		{901CC6E7-47A0-430F-AD83-3733D8940C70}.Debug|x64.ActiveCfg = Debug|x64
		{901CC6E7-47A0-430F-AD83-3733D8940C70}.Debug|x64.Build.0 = Debug|x64
		{901CC6E7-47A0-430F-AD83-3733D8940C70}.Debug|x86.ActiveCfg = Debug|Win32
		{901CC6E7-47A0-430F-AD83-3733D8940C70}.Debug|x86.Build.0 = Debug|Win32
		{901CC6E7-47A0-430F-AD83-3733D8940C70}.Release|x64.ActiveCfg = Release|x64
		{901CC6E7-47A0-430F-AD83-3733D8940C70}.Release|x64.Build.0 = Release|x64
		{901CC6E7-47A0-430F-AD83-3733D8940C70}.Release|x86.ActiveCfg = Release|Win32
		{901CC6E7-47A0-430F-AD83-3733D8940C70}.Release|x86.Build.0 = Release|Win32
		{B996F12B-131C-4BA0-91D5-48014B9A3614}.Debug|x64.ActiveCfg = Debug|x64
		{B996F12B-131C-4BA0-91D5-48014B9A3614}.Debug|x64.Build.0 = Debug|x64
		{B996F12B-131C-4BA0-91D5-48014B9A3614}.Debug|x86.ActiveCfg = Debug|Win32
		{B996F12B-131C-4BA0-91D5-48014B9A3614}.Debug|x86.Build.0 = Debug|Win32
		{B996F12B-131C-4BA0-91D5-48014B9A3614}.Release|x64.ActiveCfg = Release|x64
		{B996F12B-131C-4BA0-91D5-48014B9A3614}.Release|x64.Build.0 = Release|x64
		{B996F12B-131C-4BA0-91D5-48014B9A3614}.Release|x86.ActiveCfg = Release|Win32
		{B996F12B-131C-4BA0-91D5-48014B9A3614}.Release|x86.Build.0 = Release|Win32
	EndGlobalSection
	GlobalSection(SolutionProperties) = preSolution
		HideSolutionNode = FALSE
	EndGlobalSection
	GlobalSection(ExtensibilityGlobals) = postSolution
		SolutionGuid = {B3C3ED16-39EE-4112-81B8-D1C1C80AF5C4}
	EndGlobalSection
EndGlobal
